
Microsoft Visual Studio Solution File, Format Version 12.00
# Visual Studio Version 17
VisualStudioVersion = 17.8.34511.84
MinimumVisualStudioVersion = 10.0.40219.1
Project("{FAE04EC0-301F-11D3-BF4B-00C04F79EFBC}") = "traning", "traning\traning.csproj", "{5ADA0989-0BFE-4C81-BFAD-2C010ABC47B2}"
EndProject
Global
	GlobalSection(SolutionConfigurationPlatforms) = preSolution
		Debug|Any CPU = Debug|Any CPU
		Release|Any CPU = Release|Any CPU
	EndGlobalSection
	GlobalSection(ProjectConfigurationPlatforms) = postSolution
		{5ADA0989-0BFE-4C81-BFAD-2C010ABC47B2}.Debug|Any CPU.ActiveCfg = Debug|Any CPU
		{5ADA0989-0BFE-4C81-BFAD-2C010ABC47B2}.Debug|Any CPU.Build.0 = Debug|Any CPU
		{5ADA0989-0BFE-4C81-BFAD-2C010ABC47B2}.Release|Any CPU.ActiveCfg = Release|Any CPU
		{5ADA0989-0BFE-4C81-BFAD-2C010ABC47B2}.Release|Any CPU.Build.0 = Release|Any CPU
	EndGlobalSection
	GlobalSection(SolutionProperties) = preSolution
		HideSolutionNode = FALSE
	EndGlobalSection
	GlobalSection(ExtensibilityGlobals) = postSolution
		SolutionGuid = {82193450-148B-4958-B8E3-D6B7B488EE5E}
	EndGlobalSection
EndGlobal
